
Microsoft Visual Studio Solution File, Format Version 12.00
# Visual Studio 15
VisualStudioVersion = 15.0.28307.1082
MinimumVisualStudioVersion = 10.0.40219.1
Project("{FAE04EC0-301F-11D3-BF4B-00C04F79EFBC}") = "DemoQA Automation", "DemoQA Automation\DemoQA Automation.csproj", "{4C7AAE74-D4BF-4812-85B6-FC35C46EAA6E}"
EndProject
Global
	GlobalSection(SolutionConfigurationPlatforms) = preSolution
		Debug|Any CPU = Debug|Any CPU
		Release|Any CPU = Release|Any CPU
	EndGlobalSection
	GlobalSection(ProjectConfigurationPlatforms) = postSolution
		{4C7AAE74-D4BF-4812-85B6-FC35C46EAA6E}.Debug|Any CPU.ActiveCfg = Debug|Any CPU
		{4C7AAE74-D4BF-4812-85B6-FC35C46EAA6E}.Debug|Any CPU.Build.0 = Debug|Any CPU
		{4C7AAE74-D4BF-4812-85B6-FC35C46EAA6E}.Release|Any CPU.ActiveCfg = Release|Any CPU
		{4C7AAE74-D4BF-4812-85B6-FC35C46EAA6E}.Release|Any CPU.Build.0 = Release|Any CPU
	EndGlobalSection
	GlobalSection(SolutionProperties) = preSolution
		HideSolutionNode = FALSE
	EndGlobalSection
	GlobalSection(ExtensibilityGlobals) = postSolution
		SolutionGuid = {60AA612E-AFEA-4269-BDE7-F96DC6BE7A90}
	EndGlobalSection
EndGlobal
